
Microsoft Visual Studio Solution File, Format Version 12.00
# Visual Studio Version 16
VisualStudioVersion = 16.0.30503.244
MinimumVisualStudioVersion = 10.0.40219.1
Project("{FAE04EC0-301F-11D3-BF4B-00C04F79EFBC}") = "WikiParserApp", "WindowsFormsApp1\WikiParserApp.csproj", "{1BF5E28E-4F4D-4AE6-B780-E98A3A11B2F9}"
EndProject
Global
	GlobalSection(SolutionConfigurationPlatforms) = preSolution
		Debug|Any CPU = Debug|Any CPU
		Release|Any CPU = Release|Any CPU
	EndGlobalSection
	GlobalSection(ProjectConfigurationPlatforms) = postSolution
		{1BF5E28E-4F4D-4AE6-B780-E98A3A11B2F9}.Debug|Any CPU.ActiveCfg = Debug|Any CPU
		{1BF5E28E-4F4D-4AE6-B780-E98A3A11B2F9}.Debug|Any CPU.Build.0 = Debug|Any CPU
		{1BF5E28E-4F4D-4AE6-B780-E98A3A11B2F9}.Release|Any CPU.ActiveCfg = Release|Any CPU
		{1BF5E28E-4F4D-4AE6-B780-E98A3A11B2F9}.Release|Any CPU.Build.0 = Release|Any CPU
	EndGlobalSection
	GlobalSection(SolutionProperties) = preSolution
		HideSolutionNode = FALSE
	EndGlobalSection
	GlobalSection(ExtensibilityGlobals) = postSolution
		SolutionGuid = {A2646B4B-E81B-4095-8C6B-2F2EFC0EF57F}
	EndGlobalSection
EndGlobal
