
Microsoft Visual Studio Solution File, Format Version 12.00
# Visual Studio Version 16
VisualStudioVersion = 16.0.33214.272
MinimumVisualStudioVersion = 10.0.40219.1
Project("{F184B08F-C81C-45F6-A57F-5ABD9991F28F}") = "HelpSystem", "HelpSystem.vbproj", "{B1BE45E1-76AD-4850-815B-9C88123378C3}"
EndProject
Global
	GlobalSection(SolutionConfigurationPlatforms) = preSolution
		Debug|Any CPU = Debug|Any CPU
		Release|Any CPU = Release|Any CPU
	EndGlobalSection
	GlobalSection(ProjectConfigurationPlatforms) = postSolution
		{B1BE45E1-76AD-4850-815B-9C88123378C3}.Debug|Any CPU.ActiveCfg = Debug|Any CPU
		{B1BE45E1-76AD-4850-815B-9C88123378C3}.Debug|Any CPU.Build.0 = Debug|Any CPU
		{B1BE45E1-76AD-4850-815B-9C88123378C3}.Release|Any CPU.ActiveCfg = Release|Any CPU
		{B1BE45E1-76AD-4850-815B-9C88123378C3}.Release|Any CPU.Build.0 = Release|Any CPU
	EndGlobalSection
	GlobalSection(SolutionProperties) = preSolution
		HideSolutionNode = FALSE
	EndGlobalSection
	GlobalSection(ExtensibilityGlobals) = postSolution
		SolutionGuid = {CB598F17-9A4D-4E49-9325-828C29D74DC3}
	EndGlobalSection
EndGlobal
