
Microsoft Visual Studio Solution File, Format Version 12.00
# Visual Studio Version 16
VisualStudioVersion = 16.0.29613.14
MinimumVisualStudioVersion = 10.0.40219.1
Project("{F184B08F-C81C-45F6-A57F-5ABD9991F28F}") = "KRLDeveloper", "KRLDeveloper\KRLDeveloper.vbproj", "{BCC21557-F9A8-4C59-BE2A-FA36C6186563}"
EndProject
Project("{F184B08F-C81C-45F6-A57F-5ABD9991F28F}") = "EffectBuilder", "EffectBuilder\EffectBuilder.vbproj", "{91641161-E190-4439-AFC0-478E3E425182}"
EndProject
Global
	GlobalSection(SolutionConfigurationPlatforms) = preSolution
		Debug|Any CPU = Debug|Any CPU
		Release|Any CPU = Release|Any CPU
	EndGlobalSection
	GlobalSection(ProjectConfigurationPlatforms) = postSolution
		{BCC21557-F9A8-4C59-BE2A-FA36C6186563}.Debug|Any CPU.ActiveCfg = Debug|Any CPU
		{BCC21557-F9A8-4C59-BE2A-FA36C6186563}.Debug|Any CPU.Build.0 = Debug|Any CPU
		{BCC21557-F9A8-4C59-BE2A-FA36C6186563}.Release|Any CPU.ActiveCfg = Release|Any CPU
		{BCC21557-F9A8-4C59-BE2A-FA36C6186563}.Release|Any CPU.Build.0 = Release|Any CPU
		{91641161-E190-4439-AFC0-478E3E425182}.Debug|Any CPU.ActiveCfg = Debug|Any CPU
		{91641161-E190-4439-AFC0-478E3E425182}.Debug|Any CPU.Build.0 = Debug|Any CPU
		{91641161-E190-4439-AFC0-478E3E425182}.Release|Any CPU.ActiveCfg = Release|Any CPU
		{91641161-E190-4439-AFC0-478E3E425182}.Release|Any CPU.Build.0 = Release|Any CPU
	EndGlobalSection
	GlobalSection(SolutionProperties) = preSolution
		HideSolutionNode = FALSE
	EndGlobalSection
	GlobalSection(ExtensibilityGlobals) = postSolution
		SolutionGuid = {5EDD8474-2179-488C-9979-C0FC089FC6C4}
	EndGlobalSection
EndGlobal
